// !$*UTF8*$!
{
	archiveVersion = 1;
	classes = {
	};
	objectVersion = 46;
	objects = {

/* Begin PBXBuildFile section */
		BC005E5D1E21125D00B56546 /* ObjectMapper.framework in Frameworks */ = {isa = PBXBuildFile; fileRef = BC005E5C1E21125D00B56546 /* ObjectMapper.framework */; };
		BC005E5E1E21125D00B56546 /* ObjectMapper.framework in Embed Frameworks */ = {isa = PBXBuildFile; fileRef = BC005E5C1E21125D00B56546 /* ObjectMapper.framework */; settings = {ATTRIBUTES = (CodeSignOnCopy, RemoveHeadersOnCopy, ); }; };
		BC08F78A1E1183B70035367A /* constant.swift in Sources */ = {isa = PBXBuildFile; fileRef = BC08F7891E1183B70035367A /* constant.swift */; };
		BC08F78D1E12B9CB0035367A /* libsqlite3.0.tbd in Frameworks */ = {isa = PBXBuildFile; fileRef = BC08F78C1E12B9CB0035367A /* libsqlite3.0.tbd */; };
		BC5156841E291752008B70A0 /* Alamofire.framework in Frameworks */ = {isa = PBXBuildFile; fileRef = BC5156831E291752008B70A0 /* Alamofire.framework */; };
		BC5156851E291752008B70A0 /* Alamofire.framework in Embed Frameworks */ = {isa = PBXBuildFile; fileRef = BC5156831E291752008B70A0 /* Alamofire.framework */; settings = {ATTRIBUTES = (CodeSignOnCopy, RemoveHeadersOnCopy, ); }; };
		BCA11DE71E2FC9E2009D8BB2 /* NotificationService.swift in Sources */ = {isa = PBXBuildFile; fileRef = BCA11DE61E2FC9E2009D8BB2 /* NotificationService.swift */; };
		BCA11DEB1E2FC9E2009D8BB2 /* Notification.appex in Embed App Extensions */ = {isa = PBXBuildFile; fileRef = BCA11DE41E2FC9E2009D8BB2 /* Notification.appex */; settings = {ATTRIBUTES = (RemoveHeadersOnCopy, ); }; };
		BCCCEC8B1E1172C900C19249 /* AppDelegate.swift in Sources */ = {isa = PBXBuildFile; fileRef = BCCCEC8A1E1172C900C19249 /* AppDelegate.swift */; };
		BCCCEC8D1E1172C900C19249 /* ViewController.swift in Sources */ = {isa = PBXBuildFile; fileRef = BCCCEC8C1E1172C900C19249 /* ViewController.swift */; };
		BCCCEC901E1172C900C19249 /* Main.storyboard in Resources */ = {isa = PBXBuildFile; fileRef = BCCCEC8E1E1172C900C19249 /* Main.storyboard */; };
		BCCCEC921E1172C900C19249 /* Assets.xcassets in Resources */ = {isa = PBXBuildFile; fileRef = BCCCEC911E1172C900C19249 /* Assets.xcassets */; };
		BCCCEC951E1172C900C19249 /* LaunchScreen.storyboard in Resources */ = {isa = PBXBuildFile; fileRef = BCCCEC931E1172C900C19249 /* LaunchScreen.storyboard */; };
		BCCCECA41E11748300C19249 /* PWDBManager.swift in Sources */ = {isa = PBXBuildFile; fileRef = BCCCECA31E11748300C19249 /* PWDBManager.swift */; };
		BCCCECA71E1174AC00C19249 /* PWSquareTableViewCell.swift in Sources */ = {isa = PBXBuildFile; fileRef = BCCCECA51E1174AC00C19249 /* PWSquareTableViewCell.swift */; };
		BCCCECA81E1174AC00C19249 /* PWSquareTableViewCell.xib in Resources */ = {isa = PBXBuildFile; fileRef = BCCCECA61E1174AC00C19249 /* PWSquareTableViewCell.xib */; };
		BCCCECAA1E1174B500C19249 /* PWServiceManager.swift in Sources */ = {isa = PBXBuildFile; fileRef = BCCCECA91E1174B500C19249 /* PWServiceManager.swift */; };
		BCCCECAC1E1174C200C19249 /* PWAppInfoModel.swift in Sources */ = {isa = PBXBuildFile; fileRef = BCCCECAB1E1174C200C19249 /* PWAppInfoModel.swift */; };
		BCDCBE9D1E2A680E00C04471 /* PWDayHeaderView.swift in Sources */ = {isa = PBXBuildFile; fileRef = BCDCBE9C1E2A680E00C04471 /* PWDayHeaderView.swift */; };
		EA4602491E2DED0500DC4CE2 /* ZLSwiftFootView.swift in Sources */ = {isa = PBXBuildFile; fileRef = EA4602451E2DED0500DC4CE2 /* ZLSwiftFootView.swift */; };
		EA46024A1E2DED0500DC4CE2 /* ZLSwiftHeadView.swift in Sources */ = {isa = PBXBuildFile; fileRef = EA4602461E2DED0500DC4CE2 /* ZLSwiftHeadView.swift */; };
		EA46024B1E2DED0500DC4CE2 /* ZLSwiftRefreshExtension.swift in Sources */ = {isa = PBXBuildFile; fileRef = EA4602471E2DED0500DC4CE2 /* ZLSwiftRefreshExtension.swift */; };
		EA46024F1E2E20EA00DC4CE2 /* BigGear.swift in Sources */ = {isa = PBXBuildFile; fileRef = EA46024C1E2E20EA00DC4CE2 /* BigGear.swift */; };
		EA4602501E2E20EA00DC4CE2 /* GearRefreshControl.swift in Sources */ = {isa = PBXBuildFile; fileRef = EA46024D1E2E20EA00DC4CE2 /* GearRefreshControl.swift */; };
		EA4602511E2E20EA00DC4CE2 /* MainGear.swift in Sources */ = {isa = PBXBuildFile; fileRef = EA46024E1E2E20EA00DC4CE2 /* MainGear.swift */; };
		EA6106DF1E2C7ABD0050A231 /* PWRequestMappable.swift in Sources */ = {isa = PBXBuildFile; fileRef = EA6106DE1E2C7ABD0050A231 /* PWRequestMappable.swift */; };
/* End PBXBuildFile section */

/* Begin PBXContainerItemProxy section */
		BCA11DE91E2FC9E2009D8BB2 /* PBXContainerItemProxy */ = {
			isa = PBXContainerItemProxy;
			containerPortal = BCCCEC7F1E1172C900C19249 /* Project object */;
			proxyType = 1;
			remoteGlobalIDString = BCA11DE31E2FC9E2009D8BB2;
			remoteInfo = Notification;
		};
/* End PBXContainerItemProxy section */

/* Begin PBXCopyFilesBuildPhase section */
		BC9066F41E20F48A0060671B /* Embed Frameworks */ = {
			isa = PBXCopyFilesBuildPhase;
			buildActionMask = 2147483647;
			dstPath = "";
			dstSubfolderSpec = 10;
			files = (
				BC005E5E1E21125D00B56546 /* ObjectMapper.framework in Embed Frameworks */,
				BC5156851E291752008B70A0 /* Alamofire.framework in Embed Frameworks */,
			);
			name = "Embed Frameworks";
			runOnlyForDeploymentPostprocessing = 0;
		};
		BCA11DEF1E2FC9E2009D8BB2 /* Embed App Extensions */ = {
			isa = PBXCopyFilesBuildPhase;
			buildActionMask = 2147483647;
			dstPath = "";
			dstSubfolderSpec = 13;
			files = (
				BCA11DEB1E2FC9E2009D8BB2 /* Notification.appex in Embed App Extensions */,
			);
			name = "Embed App Extensions";
			runOnlyForDeploymentPostprocessing = 0;
		};
/* End PBXCopyFilesBuildPhase section */

/* Begin PBXFileReference section */
		BC005E5C1E21125D00B56546 /* ObjectMapper.framework */ = {isa = PBXFileReference; lastKnownFileType = wrapper.framework; name = ObjectMapper.framework; path = Carthage/Build/iOS/ObjectMapper.framework; sourceTree = "<group>"; };
		BC005E5F1E211BB500B56546 /* CloudFisher.entitlements */ = {isa = PBXFileReference; lastKnownFileType = text.plist.entitlements; path = CloudFisher.entitlements; sourceTree = "<group>"; };
		BC08F7891E1183B70035367A /* constant.swift */ = {isa = PBXFileReference; fileEncoding = 4; lastKnownFileType = sourcecode.swift; path = constant.swift; sourceTree = "<group>"; };
		BC08F78C1E12B9CB0035367A /* libsqlite3.0.tbd */ = {isa = PBXFileReference; lastKnownFileType = "sourcecode.text-based-dylib-definition"; name = libsqlite3.0.tbd; path = usr/lib/libsqlite3.0.tbd; sourceTree = SDKROOT; };
		BC5156831E291752008B70A0 /* Alamofire.framework */ = {isa = PBXFileReference; lastKnownFileType = wrapper.framework; name = Alamofire.framework; path = Carthage/Build/iOS/Alamofire.framework; sourceTree = "<group>"; };
		BCA11DE41E2FC9E2009D8BB2 /* Notification.appex */ = {isa = PBXFileReference; explicitFileType = "wrapper.app-extension"; includeInIndex = 0; path = Notification.appex; sourceTree = BUILT_PRODUCTS_DIR; };
		BCA11DE61E2FC9E2009D8BB2 /* NotificationService.swift */ = {isa = PBXFileReference; lastKnownFileType = sourcecode.swift; path = NotificationService.swift; sourceTree = "<group>"; };
		BCA11DE81E2FC9E2009D8BB2 /* Info.plist */ = {isa = PBXFileReference; lastKnownFileType = text.plist.xml; path = Info.plist; sourceTree = "<group>"; };
		BCCCEC871E1172C900C19249 /* CloudFisher.app */ = {isa = PBXFileReference; explicitFileType = wrapper.application; includeInIndex = 0; path = CloudFisher.app; sourceTree = BUILT_PRODUCTS_DIR; };
		BCCCEC8A1E1172C900C19249 /* AppDelegate.swift */ = {isa = PBXFileReference; lastKnownFileType = sourcecode.swift; path = AppDelegate.swift; sourceTree = "<group>"; };
		BCCCEC8C1E1172C900C19249 /* ViewController.swift */ = {isa = PBXFileReference; lastKnownFileType = sourcecode.swift; path = ViewController.swift; sourceTree = "<group>"; };
		BCCCEC8F1E1172C900C19249 /* Base */ = {isa = PBXFileReference; lastKnownFileType = file.storyboard; name = Base; path = Base.lproj/Main.storyboard; sourceTree = "<group>"; };
		BCCCEC911E1172C900C19249 /* Assets.xcassets */ = {isa = PBXFileReference; lastKnownFileType = folder.assetcatalog; path = Assets.xcassets; sourceTree = "<group>"; };
		BCCCEC941E1172C900C19249 /* Base */ = {isa = PBXFileReference; lastKnownFileType = file.storyboard; name = Base; path = Base.lproj/LaunchScreen.storyboard; sourceTree = "<group>"; };
		BCCCEC961E1172C900C19249 /* Info.plist */ = {isa = PBXFileReference; lastKnownFileType = text.plist.xml; path = Info.plist; sourceTree = "<group>"; };
		BCCCECA31E11748300C19249 /* PWDBManager.swift */ = {isa = PBXFileReference; fileEncoding = 4; lastKnownFileType = sourcecode.swift; path = PWDBManager.swift; sourceTree = "<group>"; };
		BCCCECA51E1174AC00C19249 /* PWSquareTableViewCell.swift */ = {isa = PBXFileReference; fileEncoding = 4; lastKnownFileType = sourcecode.swift; name = PWSquareTableViewCell.swift; path = Class/Square/View/PWSquareTableViewCell.swift; sourceTree = "<group>"; };
		BCCCECA61E1174AC00C19249 /* PWSquareTableViewCell.xib */ = {isa = PBXFileReference; fileEncoding = 4; lastKnownFileType = file.xib; name = PWSquareTableViewCell.xib; path = Class/Square/View/PWSquareTableViewCell.xib; sourceTree = "<group>"; };
		BCCCECA91E1174B500C19249 /* PWServiceManager.swift */ = {isa = PBXFileReference; fileEncoding = 4; lastKnownFileType = sourcecode.swift; name = PWServiceManager.swift; path = Class/Square/Request/PWServiceManager.swift; sourceTree = "<group>"; };
		BCCCECAB1E1174C200C19249 /* PWAppInfoModel.swift */ = {isa = PBXFileReference; fileEncoding = 4; lastKnownFileType = sourcecode.swift; name = PWAppInfoModel.swift; path = Class/Square/Model/PWAppInfoModel.swift; sourceTree = "<group>"; };
		BCDCBE9C1E2A680E00C04471 /* PWDayHeaderView.swift */ = {isa = PBXFileReference; fileEncoding = 4; lastKnownFileType = sourcecode.swift; name = PWDayHeaderView.swift; path = Class/Square/View/PWDayHeaderView.swift; sourceTree = "<group>"; };
		EA4602451E2DED0500DC4CE2 /* ZLSwiftFootView.swift */ = {isa = PBXFileReference; fileEncoding = 4; lastKnownFileType = sourcecode.swift; name = ZLSwiftFootView.swift; path = Vendor/ZLSwifthRefresh/ZLSwiftFootView.swift; sourceTree = "<group>"; };
		EA4602461E2DED0500DC4CE2 /* ZLSwiftHeadView.swift */ = {isa = PBXFileReference; fileEncoding = 4; lastKnownFileType = sourcecode.swift; name = ZLSwiftHeadView.swift; path = Vendor/ZLSwifthRefresh/ZLSwiftHeadView.swift; sourceTree = "<group>"; };
		EA4602471E2DED0500DC4CE2 /* ZLSwiftRefreshExtension.swift */ = {isa = PBXFileReference; fileEncoding = 4; lastKnownFileType = sourcecode.swift; name = ZLSwiftRefreshExtension.swift; path = Vendor/ZLSwifthRefresh/ZLSwiftRefreshExtension.swift; sourceTree = "<group>"; };
		EA46024C1E2E20EA00DC4CE2 /* BigGear.swift */ = {isa = PBXFileReference; fileEncoding = 4; lastKnownFileType = sourcecode.swift; path = BigGear.swift; sourceTree = "<group>"; };
		EA46024D1E2E20EA00DC4CE2 /* GearRefreshControl.swift */ = {isa = PBXFileReference; fileEncoding = 4; lastKnownFileType = sourcecode.swift; path = GearRefreshControl.swift; sourceTree = "<group>"; };
		EA46024E1E2E20EA00DC4CE2 /* MainGear.swift */ = {isa = PBXFileReference; fileEncoding = 4; lastKnownFileType = sourcecode.swift; path = MainGear.swift; sourceTree = "<group>"; };
		EA6106DE1E2C7ABD0050A231 /* PWRequestMappable.swift */ = {isa = PBXFileReference; fileEncoding = 4; lastKnownFileType = sourcecode.swift; name = PWRequestMappable.swift; path = Class/Square/Model/PWRequestMappable.swift; sourceTree = "<group>"; };
/* End PBXFileReference section */

/* Begin PBXFrameworksBuildPhase section */
		BCA11DE11E2FC9E2009D8BB2 /* Frameworks */ = {
			isa = PBXFrameworksBuildPhase;
			buildActionMask = 2147483647;
			files = (
			);
			runOnlyForDeploymentPostprocessing = 0;
		};
		BCCCEC841E1172C900C19249 /* Frameworks */ = {
			isa = PBXFrameworksBuildPhase;
			buildActionMask = 2147483647;
			files = (
				BC005E5D1E21125D00B56546 /* ObjectMapper.framework in Frameworks */,
				BC5156841E291752008B70A0 /* Alamofire.framework in Frameworks */,
				BC08F78D1E12B9CB0035367A /* libsqlite3.0.tbd in Frameworks */,
			);
			runOnlyForDeploymentPostprocessing = 0;
		};
/* End PBXFrameworksBuildPhase section */

/* Begin PBXGroup section */
		BC08F77D1E1181160035367A /* Frameworks */ = {
			isa = PBXGroup;
			children = (
				BC5156831E291752008B70A0 /* Alamofire.framework */,
				BC005E5C1E21125D00B56546 /* ObjectMapper.framework */,
				BC08F78C1E12B9CB0035367A /* libsqlite3.0.tbd */,
			);
			name = Frameworks;
			sourceTree = "<group>";
		};
		BC08F7881E11838F0035367A /* Util */ = {
			isa = PBXGroup;
			children = (
				BC08F7891E1183B70035367A /* constant.swift */,
			);
			name = Util;
			sourceTree = "<group>";
		};
		BCA11DE51E2FC9E2009D8BB2 /* Notification */ = {
			isa = PBXGroup;
			children = (
				BCA11DE61E2FC9E2009D8BB2 /* NotificationService.swift */,
				BCA11DE81E2FC9E2009D8BB2 /* Info.plist */,
			);
			path = Notification;
			sourceTree = "<group>";
		};
		BCCCEC7E1E1172C900C19249 = {
			isa = PBXGroup;
			children = (
				BCCCEC891E1172C900C19249 /* CloudFisher */,
				BCA11DE51E2FC9E2009D8BB2 /* Notification */,
				BCCCEC881E1172C900C19249 /* Products */,
				BC08F77D1E1181160035367A /* Frameworks */,
			);
			sourceTree = "<group>";
		};
		BCCCEC881E1172C900C19249 /* Products */ = {
			isa = PBXGroup;
			children = (
				BCCCEC871E1172C900C19249 /* CloudFisher.app */,
				BCA11DE41E2FC9E2009D8BB2 /* Notification.appex */,
			);
			name = Products;
			sourceTree = "<group>";
		};
		BCCCEC891E1172C900C19249 /* CloudFisher */ = {
			isa = PBXGroup;
			children = (
				EA46023F1E2DEC9800DC4CE2 /* Vendor */,
				BC005E5F1E211BB500B56546 /* CloudFisher.entitlements */,
				BCCCECA21E11747500C19249 /* DB */,
				BCCCEC9C1E11733300C19249 /* Class */,
				BCCCEC8A1E1172C900C19249 /* AppDelegate.swift */,
				BCCCEC8C1E1172C900C19249 /* ViewController.swift */,
				BCCCEC8E1E1172C900C19249 /* Main.storyboard */,
				BCCCEC911E1172C900C19249 /* Assets.xcassets */,
				BCCCEC931E1172C900C19249 /* LaunchScreen.storyboard */,
				BCCCEC961E1172C900C19249 /* Info.plist */,
			);
			path = CloudFisher;
			sourceTree = "<group>";
		};
		BCCCEC9C1E11733300C19249 /* Class */ = {
			isa = PBXGroup;
			children = (
				BC08F7881E11838F0035367A /* Util */,
				BCCCEC9D1E11734C00C19249 /* Square */,
			);
			name = Class;
			sourceTree = "<group>";
		};
		BCCCEC9D1E11734C00C19249 /* Square */ = {
			isa = PBXGroup;
			children = (
				BCCCECA11E11741F00C19249 /* View */,
				BCCCECA01E11736D00C19249 /* Request */,
				BCCCEC9F1E11736700C19249 /* Model */,
				BCCCEC9E1E11735F00C19249 /* Controller */,
			);
			name = Square;
			sourceTree = "<group>";
		};
		BCCCEC9E1E11735F00C19249 /* Controller */ = {
			isa = PBXGroup;
			children = (
			);
			name = Controller;
			sourceTree = "<group>";
		};
		BCCCEC9F1E11736700C19249 /* Model */ = {
			isa = PBXGroup;
			children = (
				BCCCECAB1E1174C200C19249 /* PWAppInfoModel.swift */,
				EA6106DE1E2C7ABD0050A231 /* PWRequestMappable.swift */,
			);
			name = Model;
			sourceTree = "<group>";
		};
		BCCCECA01E11736D00C19249 /* Request */ = {
			isa = PBXGroup;
			children = (
				BCCCECA91E1174B500C19249 /* PWServiceManager.swift */,
			);
			name = Request;
			sourceTree = "<group>";
		};
		BCCCECA11E11741F00C19249 /* View */ = {
			isa = PBXGroup;
			children = (
				BCCCECA51E1174AC00C19249 /* PWSquareTableViewCell.swift */,
				BCCCECA61E1174AC00C19249 /* PWSquareTableViewCell.xib */,
				BCDCBE9C1E2A680E00C04471 /* PWDayHeaderView.swift */,
			);
			name = View;
			sourceTree = "<group>";
		};
		BCCCECA21E11747500C19249 /* DB */ = {
			isa = PBXGroup;
			children = (
				BCCCECA31E11748300C19249 /* PWDBManager.swift */,
			);
			name = DB;
			sourceTree = "<group>";
		};
		EA46023F1E2DEC9800DC4CE2 /* Vendor */ = {
			isa = PBXGroup;
			children = (
				EA4602431E2DECF200DC4CE2 /* RefreshControl */,
			);
			name = Vendor;
			sourceTree = "<group>";
		};
		EA4602431E2DECF200DC4CE2 /* RefreshControl */ = {
			isa = PBXGroup;
			children = (
				EA46024C1E2E20EA00DC4CE2 /* BigGear.swift */,
				EA46024D1E2E20EA00DC4CE2 /* GearRefreshControl.swift */,
				EA46024E1E2E20EA00DC4CE2 /* MainGear.swift */,
				EA4602451E2DED0500DC4CE2 /* ZLSwiftFootView.swift */,
				EA4602461E2DED0500DC4CE2 /* ZLSwiftHeadView.swift */,
				EA4602471E2DED0500DC4CE2 /* ZLSwiftRefreshExtension.swift */,
			);
			name = RefreshControl;
			sourceTree = "<group>";
		};
/* End PBXGroup section */

/* Begin PBXNativeTarget section */
		BCA11DE31E2FC9E2009D8BB2 /* Notification */ = {
			isa = PBXNativeTarget;
			buildConfigurationList = BCA11DEE1E2FC9E2009D8BB2 /* Build configuration list for PBXNativeTarget "Notification" */;
			buildPhases = (
				BCA11DE01E2FC9E2009D8BB2 /* Sources */,
				BCA11DE11E2FC9E2009D8BB2 /* Frameworks */,
				BCA11DE21E2FC9E2009D8BB2 /* Resources */,
			);
			buildRules = (
			);
			dependencies = (
			);
			name = Notification;
			productName = Notification;
			productReference = BCA11DE41E2FC9E2009D8BB2 /* Notification.appex */;
			productType = "com.apple.product-type.app-extension";
		};
		BCCCEC861E1172C900C19249 /* CloudFisher */ = {
			isa = PBXNativeTarget;
			buildConfigurationList = BCCCEC991E1172C900C19249 /* Build configuration list for PBXNativeTarget "CloudFisher" */;
			buildPhases = (
				BCCCEC831E1172C900C19249 /* Sources */,
				BCCCEC841E1172C900C19249 /* Frameworks */,
				BCCCEC851E1172C900C19249 /* Resources */,
				BC9066F41E20F48A0060671B /* Embed Frameworks */,
				BCA11DEF1E2FC9E2009D8BB2 /* Embed App Extensions */,
			);
			buildRules = (
			);
			dependencies = (
				BCA11DEA1E2FC9E2009D8BB2 /* PBXTargetDependency */,
			);
			name = CloudFisher;
			productName = CloudFisher;
			productReference = BCCCEC871E1172C900C19249 /* CloudFisher.app */;
			productType = "com.apple.product-type.application";
		};
/* End PBXNativeTarget section */

/* Begin PBXProject section */
		BCCCEC7F1E1172C900C19249 /* Project object */ = {
			isa = PBXProject;
			attributes = {
				LastSwiftUpdateCheck = 0820;
				LastUpgradeCheck = 0800;
				ORGANIZATIONNAME = "weicheng wang";
				TargetAttributes = {
					BCA11DE31E2FC9E2009D8BB2 = {
						CreatedOnToolsVersion = 8.2.1;
						DevelopmentTeam = LPB4TVRAHH;
						ProvisioningStyle = Automatic;
					};
					BCCCEC861E1172C900C19249 = {
						CreatedOnToolsVersion = 8.0;
						DevelopmentTeam = LPB4TVRAHH;
						ProvisioningStyle = Automatic;
						SystemCapabilities = {
							com.apple.BackgroundModes = {
								enabled = 1;
							};
							com.apple.Push = {
								enabled = 1;
							};
						};
					};
				};
			};
			buildConfigurationList = BCCCEC821E1172C900C19249 /* Build configuration list for PBXProject "CloudFisher" */;
			compatibilityVersion = "Xcode 3.2";
			developmentRegion = English;
			hasScannedForEncodings = 0;
			knownRegions = (
				en,
				Base,
			);
			mainGroup = BCCCEC7E1E1172C900C19249;
			productRefGroup = BCCCEC881E1172C900C19249 /* Products */;
			projectDirPath = "";
			projectRoot = "";
			targets = (
				BCCCEC861E1172C900C19249 /* CloudFisher */,
				BCA11DE31E2FC9E2009D8BB2 /* Notification */,
			);
		};
/* End PBXProject section */

/* Begin PBXResourcesBuildPhase section */
		BCA11DE21E2FC9E2009D8BB2 /* Resources */ = {
			isa = PBXResourcesBuildPhase;
			buildActionMask = 2147483647;
			files = (
			);
			runOnlyForDeploymentPostprocessing = 0;
		};
		BCCCEC851E1172C900C19249 /* Resources */ = {
			isa = PBXResourcesBuildPhase;
			buildActionMask = 2147483647;
			files = (
				BCCCEC951E1172C900C19249 /* LaunchScreen.storyboard in Resources */,
				BCCCECA81E1174AC00C19249 /* PWSquareTableViewCell.xib in Resources */,
				BCCCEC921E1172C900C19249 /* Assets.xcassets in Resources */,
				BCCCEC901E1172C900C19249 /* Main.storyboard in Resources */,
			);
			runOnlyForDeploymentPostprocessing = 0;
		};
/* End PBXResourcesBuildPhase section */

/* Begin PBXSourcesBuildPhase section */
		BCA11DE01E2FC9E2009D8BB2 /* Sources */ = {
			isa = PBXSourcesBuildPhase;
			buildActionMask = 2147483647;
			files = (
				BCA11DE71E2FC9E2009D8BB2 /* NotificationService.swift in Sources */,
			);
			runOnlyForDeploymentPostprocessing = 0;
		};
		BCCCEC831E1172C900C19249 /* Sources */ = {
			isa = PBXSourcesBuildPhase;
			buildActionMask = 2147483647;
			files = (
				EA4602491E2DED0500DC4CE2 /* ZLSwiftFootView.swift in Sources */,
				BCCCEC8D1E1172C900C19249 /* ViewController.swift in Sources */,
				BCDCBE9D1E2A680E00C04471 /* PWDayHeaderView.swift in Sources */,
				BC08F78A1E1183B70035367A /* constant.swift in Sources */,
				EA46024A1E2DED0500DC4CE2 /* ZLSwiftHeadView.swift in Sources */,
				EA46024F1E2E20EA00DC4CE2 /* BigGear.swift in Sources */,
				BCCCECA71E1174AC00C19249 /* PWSquareTableViewCell.swift in Sources */,
				EA4602501E2E20EA00DC4CE2 /* GearRefreshControl.swift in Sources */,
				BCCCECAC1E1174C200C19249 /* PWAppInfoModel.swift in Sources */,
				EA6106DF1E2C7ABD0050A231 /* PWRequestMappable.swift in Sources */,
				EA46024B1E2DED0500DC4CE2 /* ZLSwiftRefreshExtension.swift in Sources */,
				BCCCECA41E11748300C19249 /* PWDBManager.swift in Sources */,
				EA4602511E2E20EA00DC4CE2 /* MainGear.swift in Sources */,
				BCCCECAA1E1174B500C19249 /* PWServiceManager.swift in Sources */,
				BCCCEC8B1E1172C900C19249 /* AppDelegate.swift in Sources */,
			);
			runOnlyForDeploymentPostprocessing = 0;
		};
/* End PBXSourcesBuildPhase section */

/* Begin PBXTargetDependency section */
		BCA11DEA1E2FC9E2009D8BB2 /* PBXTargetDependency */ = {
			isa = PBXTargetDependency;
			target = BCA11DE31E2FC9E2009D8BB2 /* Notification */;
			targetProxy = BCA11DE91E2FC9E2009D8BB2 /* PBXContainerItemProxy */;
		};
/* End PBXTargetDependency section */

/* Begin PBXVariantGroup section */
		BCCCEC8E1E1172C900C19249 /* Main.storyboard */ = {
			isa = PBXVariantGroup;
			children = (
				BCCCEC8F1E1172C900C19249 /* Base */,
			);
			name = Main.storyboard;
			sourceTree = "<group>";
		};
		BCCCEC931E1172C900C19249 /* LaunchScreen.storyboard */ = {
			isa = PBXVariantGroup;
			children = (
				BCCCEC941E1172C900C19249 /* Base */,
			);
			name = LaunchScreen.storyboard;
			sourceTree = "<group>";
		};
/* End PBXVariantGroup section */

/* Begin XCBuildConfiguration section */
		BCA11DEC1E2FC9E2009D8BB2 /* Debug */ = {
			isa = XCBuildConfiguration;
			buildSettings = {
				CLANG_WARN_SUSPICIOUS_MOVE = YES;
				DEVELOPMENT_TEAM = LPB4TVRAHH;
				INFOPLIST_FILE = Notification/Info.plist;
				IPHONEOS_DEPLOYMENT_TARGET = 10.2;
				LD_RUNPATH_SEARCH_PATHS = "$(inherited) @executable_path/Frameworks @executable_path/../../Frameworks";
				PRODUCT_BUNDLE_IDENTIFIER = com.clouldfisher.pw.Notification;
				PRODUCT_NAME = "$(TARGET_NAME)";
				SKIP_INSTALL = YES;
				SWIFT_VERSION = 3.0;
			};
			name = Debug;
		};
		BCA11DED1E2FC9E2009D8BB2 /* Release */ = {
			isa = XCBuildConfiguration;
			buildSettings = {
				CLANG_WARN_SUSPICIOUS_MOVE = YES;
				DEVELOPMENT_TEAM = LPB4TVRAHH;
				INFOPLIST_FILE = Notification/Info.plist;
				IPHONEOS_DEPLOYMENT_TARGET = 10.2;
				LD_RUNPATH_SEARCH_PATHS = "$(inherited) @executable_path/Frameworks @executable_path/../../Frameworks";
				PRODUCT_BUNDLE_IDENTIFIER = com.clouldfisher.pw.Notification;
				PRODUCT_NAME = "$(TARGET_NAME)";
				SKIP_INSTALL = YES;
				SWIFT_VERSION = 3.0;
			};
			name = Release;
		};
		BCCCEC971E1172C900C19249 /* Debug */ = {
			isa = XCBuildConfiguration;
			buildSettings = {
				ALWAYS_SEARCH_USER_PATHS = NO;
				CLANG_ANALYZER_NONNULL = YES;
				CLANG_CXX_LANGUAGE_STANDARD = "gnu++0x";
				CLANG_CXX_LIBRARY = "libc++";
				CLANG_ENABLE_MODULES = YES;
				CLANG_ENABLE_OBJC_ARC = YES;
				CLANG_WARN_BOOL_CONVERSION = YES;
				CLANG_WARN_CONSTANT_CONVERSION = YES;
				CLANG_WARN_DIRECT_OBJC_ISA_USAGE = YES_ERROR;
				CLANG_WARN_DOCUMENTATION_COMMENTS = YES;
				CLANG_WARN_EMPTY_BODY = YES;
				CLANG_WARN_ENUM_CONVERSION = YES;
				CLANG_WARN_INFINITE_RECURSION = YES;
				CLANG_WARN_INT_CONVERSION = YES;
				CLANG_WARN_OBJC_ROOT_CLASS = YES_ERROR;
				CLANG_WARN_SUSPICIOUS_MOVES = YES;
				CLANG_WARN_UNREACHABLE_CODE = YES;
				CLANG_WARN__DUPLICATE_METHOD_MATCH = YES;
				"CODE_SIGN_IDENTITY[sdk=iphoneos*]" = "iPhone Developer";
				COPY_PHASE_STRIP = NO;
				DEBUG_INFORMATION_FORMAT = dwarf;
				ENABLE_STRICT_OBJC_MSGSEND = YES;
				ENABLE_TESTABILITY = YES;
				GCC_C_LANGUAGE_STANDARD = gnu99;
				GCC_DYNAMIC_NO_PIC = NO;
				GCC_NO_COMMON_BLOCKS = YES;
				GCC_OPTIMIZATION_LEVEL = 0;
				GCC_PREPROCESSOR_DEFINITIONS = (
					"DEBUG=1",
					"$(inherited)",
				);
				GCC_WARN_64_TO_32_BIT_CONVERSION = YES;
				GCC_WARN_ABOUT_RETURN_TYPE = YES_ERROR;
				GCC_WARN_UNDECLARED_SELECTOR = YES;
				GCC_WARN_UNINITIALIZED_AUTOS = YES_AGGRESSIVE;
				GCC_WARN_UNUSED_FUNCTION = YES;
				GCC_WARN_UNUSED_VARIABLE = YES;
				IPHONEOS_DEPLOYMENT_TARGET = 10.0;
				MTL_ENABLE_DEBUG_INFO = YES;
				ONLY_ACTIVE_ARCH = YES;
				SDKROOT = iphoneos;
				SWIFT_ACTIVE_COMPILATION_CONDITIONS = DEBUG;
				SWIFT_OPTIMIZATION_LEVEL = "-Onone";
			};
			name = Debug;
		};
		BCCCEC981E1172C900C19249 /* Release */ = {
			isa = XCBuildConfiguration;
			buildSettings = {
				ALWAYS_SEARCH_USER_PATHS = NO;
				CLANG_ANALYZER_NONNULL = YES;
				CLANG_CXX_LANGUAGE_STANDARD = "gnu++0x";
				CLANG_CXX_LIBRARY = "libc++";
				CLANG_ENABLE_MODULES = YES;
				CLANG_ENABLE_OBJC_ARC = YES;
				CLANG_WARN_BOOL_CONVERSION = YES;
				CLANG_WARN_CONSTANT_CONVERSION = YES;
				CLANG_WARN_DIRECT_OBJC_ISA_USAGE = YES_ERROR;
				CLANG_WARN_DOCUMENTATION_COMMENTS = YES;
				CLANG_WARN_EMPTY_BODY = YES;
				CLANG_WARN_ENUM_CONVERSION = YES;
				CLANG_WARN_INFINITE_RECURSION = YES;
				CLANG_WARN_INT_CONVERSION = YES;
				CLANG_WARN_OBJC_ROOT_CLASS = YES_ERROR;
				CLANG_WARN_SUSPICIOUS_MOVES = YES;
				CLANG_WARN_UNREACHABLE_CODE = YES;
				CLANG_WARN__DUPLICATE_METHOD_MATCH = YES;
				"CODE_SIGN_IDENTITY[sdk=iphoneos*]" = "iPhone Developer";
				COPY_PHASE_STRIP = NO;
				DEBUG_INFORMATION_FORMAT = "dwarf-with-dsym";
				ENABLE_NS_ASSERTIONS = NO;
				ENABLE_STRICT_OBJC_MSGSEND = YES;
				GCC_C_LANGUAGE_STANDARD = gnu99;
				GCC_NO_COMMON_BLOCKS = YES;
				GCC_WARN_64_TO_32_BIT_CONVERSION = YES;
				GCC_WARN_ABOUT_RETURN_TYPE = YES_ERROR;
				GCC_WARN_UNDECLARED_SELECTOR = YES;
				GCC_WARN_UNINITIALIZED_AUTOS = YES_AGGRESSIVE;
				GCC_WARN_UNUSED_FUNCTION = YES;
				GCC_WARN_UNUSED_VARIABLE = YES;
				IPHONEOS_DEPLOYMENT_TARGET = 10.0;
				MTL_ENABLE_DEBUG_INFO = NO;
				SDKROOT = iphoneos;
				SWIFT_OPTIMIZATION_LEVEL = "-Owholemodule";
				VALIDATE_PRODUCT = YES;
			};
			name = Release;
		};
		BCCCEC9A1E1172C900C19249 /* Debug */ = {
			isa = XCBuildConfiguration;
			buildSettings = {
				ALWAYS_EMBED_SWIFT_STANDARD_LIBRARIES = YES;
				ASSETCATALOG_COMPILER_APPICON_NAME = AppIcon;
				CODE_SIGN_ENTITLEMENTS = CloudFisher/CloudFisher.entitlements;
				DEVELOPMENT_TEAM = LPB4TVRAHH;
				FRAMEWORK_SEARCH_PATHS = (
					"$(PROJECT_DIR)/Carthage/Build/iOS",
					"$(SRCROOT)/Carthage/Build/iOS",
					"$(PROJECT_DIR)",
				);
				INFOPLIST_FILE = CloudFisher/Info.plist;
				IPHONEOS_DEPLOYMENT_TARGET = 9.0;
				LD_RUNPATH_SEARCH_PATHS = "$(inherited) @executable_path/Frameworks";
				PRODUCT_BUNDLE_IDENTIFIER = com.clouldfisher.pw;
				PRODUCT_NAME = "$(TARGET_NAME)";
				SWIFT_VERSION = 3.0;
			};
			name = Debug;
		};
		BCCCEC9B1E1172C900C19249 /* Release */ = {
			isa = XCBuildConfiguration;
			buildSettings = {
				ALWAYS_EMBED_SWIFT_STANDARD_LIBRARIES = YES;
				ASSETCATALOG_COMPILER_APPICON_NAME = AppIcon;
				CODE_SIGN_ENTITLEMENTS = CloudFisher/CloudFisher.entitlements;
				DEVELOPMENT_TEAM = LPB4TVRAHH;
				FRAMEWORK_SEARCH_PATHS = (
					"$(PROJECT_DIR)/Carthage/Build/iOS",
					"$(SRCROOT)/Carthage/Build/iOS",
					"$(PROJECT_DIR)",
				);
				INFOPLIST_FILE = CloudFisher/Info.plist;
				IPHONEOS_DEPLOYMENT_TARGET = 9.0;
				LD_RUNPATH_SEARCH_PATHS = "$(inherited) @executable_path/Frameworks";
				PRODUCT_BUNDLE_IDENTIFIER = com.clouldfisher.pw;
				PRODUCT_NAME = "$(TARGET_NAME)";
				SWIFT_VERSION = 3.0;
			};
			name = Release;
		};
/* End XCBuildConfiguration section */

/* Begin XCConfigurationList section */
		BCA11DEE1E2FC9E2009D8BB2 /* Build configuration list for PBXNativeTarget "Notification" */ = {
			isa = XCConfigurationList;
			buildConfigurations = (
				BCA11DEC1E2FC9E2009D8BB2 /* Debug */,
				BCA11DED1E2FC9E2009D8BB2 /* Release */,
			);
			defaultConfigurationIsVisible = 0;
		};
		BCCCEC821E1172C900C19249 /* Build configuration list for PBXProject "CloudFisher" */ = {
			isa = XCConfigurationList;
			buildConfigurations = (
				BCCCEC971E1172C900C19249 /* Debug */,
				BCCCEC981E1172C900C19249 /* Release */,
			);
			defaultConfigurationIsVisible = 0;
			defaultConfigurationName = Release;
		};
		BCCCEC991E1172C900C19249 /* Build configuration list for PBXNativeTarget "CloudFisher" */ = {
			isa = XCConfigurationList;
			buildConfigurations = (
				BCCCEC9A1E1172C900C19249 /* Debug */,
				BCCCEC9B1E1172C900C19249 /* Release */,
			);
			defaultConfigurationIsVisible = 0;
			defaultConfigurationName = Release;
		};
/* End XCConfigurationList section */
	};
	rootObject = BCCCEC7F1E1172C900C19249 /* Project object */;
}
